
Microsoft Visual Studio Solution File, Format Version 12.00
# Visual Studio Version 16
VisualStudioVersion = 16.0.31005.135
MinimumVisualStudioVersion = 10.0.40219.1
Project("{FAE04EC0-301F-11D3-BF4B-00C04F79EFBC}") = "ProjetoAPI", "ProjetoAPI\ProjetoAPI.csproj", "{6B0A1D1B-808A-4F9A-A713-EB8FB08813EA}"
EndProject
Global
	GlobalSection(SolutionConfigurationPlatforms) = preSolution
		Debug|Any CPU = Debug|Any CPU
		Release|Any CPU = Release|Any CPU
	EndGlobalSection
	GlobalSection(ProjectConfigurationPlatforms) = postSolution
		{6B0A1D1B-808A-4F9A-A713-EB8FB08813EA}.Debug|Any CPU.ActiveCfg = Debug|Any CPU
		{6B0A1D1B-808A-4F9A-A713-EB8FB08813EA}.Debug|Any CPU.Build.0 = Debug|Any CPU
		{6B0A1D1B-808A-4F9A-A713-EB8FB08813EA}.Release|Any CPU.ActiveCfg = Release|Any CPU
		{6B0A1D1B-808A-4F9A-A713-EB8FB08813EA}.Release|Any CPU.Build.0 = Release|Any CPU
	EndGlobalSection
	GlobalSection(SolutionProperties) = preSolution
		HideSolutionNode = FALSE
	EndGlobalSection
	GlobalSection(ExtensibilityGlobals) = postSolution
		SolutionGuid = {6BF07363-9565-4382-925E-DB6DCAC10228}
	EndGlobalSection
EndGlobal
